
Microsoft Visual Studio Solution File, Format Version 12.00
# Visual Studio Version 17
VisualStudioVersion = 17.3.32819.101
MinimumVisualStudioVersion = 10.0.40219.1
Project("{FAE04EC0-301F-11D3-BF4B-00C04F79EFBC}") = "Exercise9", "Exercise9.csproj", "{DBE2C61A-C164-4671-A733-133D62C7FD2D}"
EndProject
Global
	GlobalSection(SolutionConfigurationPlatforms) = preSolution
		Debug|Any CPU = Debug|Any CPU
		Release|Any CPU = Release|Any CPU
	EndGlobalSection
	GlobalSection(ProjectConfigurationPlatforms) = postSolution
		{DBE2C61A-C164-4671-A733-133D62C7FD2D}.Debug|Any CPU.ActiveCfg = Debug|Any CPU
		{DBE2C61A-C164-4671-A733-133D62C7FD2D}.Debug|Any CPU.Build.0 = Debug|Any CPU
		{DBE2C61A-C164-4671-A733-133D62C7FD2D}.Release|Any CPU.ActiveCfg = Release|Any CPU
		{DBE2C61A-C164-4671-A733-133D62C7FD2D}.Release|Any CPU.Build.0 = Release|Any CPU
	EndGlobalSection
	GlobalSection(SolutionProperties) = preSolution
		HideSolutionNode = FALSE
	EndGlobalSection
	GlobalSection(ExtensibilityGlobals) = postSolution
		SolutionGuid = {949DBCB6-97F6-46CA-B334-F3A4B74F7359}
	EndGlobalSection
EndGlobal
